
Microsoft Visual Studio Solution File, Format Version 12.00
# Visual Studio Version 17
VisualStudioVersion = 17.9.34902.65
MinimumVisualStudioVersion = 10.0.40219.1
Project("{9A19103F-16F7-4668-BE54-9A1E7A4F7556}") = "AmazingFileVersionControl.Api", "AmazingFileVersionControl.Api.csproj", "{3961B6B7-7754-4D75-B2E5-CA907DF64370}"
EndProject
Project("{9A19103F-16F7-4668-BE54-9A1E7A4F7556}") = "AmazingFileVersionControl.Core", "..\AmazingFileVersionControl.Core\AmazingFileVersionControl.Core.csproj", "{E0802EAE-6715-4805-B63C-FF979F9E5856}"
EndProject
Project("{9A19103F-16F7-4668-BE54-9A1E7A4F7556}") = "AmazingFileVersionControl.ApiClients", "..\AmazingFileVersionControl.ApiClients\AmazingFileVersionControl.ApiClients.csproj", "{9D55EABA-7342-433A-9AEC-7E5A9312465E}"
EndProject
Project("{9A19103F-16F7-4668-BE54-9A1E7A4F7556}") = "AmazingFileVersionControl.ConsoleClient", "..\AmazingFileVersionControl.ConsoleClient\AmazingFileVersionControl.ConsoleClient.csproj", "{620CDF29-CDFE-497C-9C0B-C3DFD4AF057B}"
EndProject
Global
	GlobalSection(SolutionConfigurationPlatforms) = preSolution
		Debug|Any CPU = Debug|Any CPU
		Release|Any CPU = Release|Any CPU
	EndGlobalSection
	GlobalSection(ProjectConfigurationPlatforms) = postSolution
		{3961B6B7-7754-4D75-B2E5-CA907DF64370}.Debug|Any CPU.ActiveCfg = Debug|Any CPU
		{3961B6B7-7754-4D75-B2E5-CA907DF64370}.Debug|Any CPU.Build.0 = Debug|Any CPU
		{3961B6B7-7754-4D75-B2E5-CA907DF64370}.Release|Any CPU.ActiveCfg = Release|Any CPU
		{3961B6B7-7754-4D75-B2E5-CA907DF64370}.Release|Any CPU.Build.0 = Release|Any CPU
		{E0802EAE-6715-4805-B63C-FF979F9E5856}.Debug|Any CPU.ActiveCfg = Debug|Any CPU
		{E0802EAE-6715-4805-B63C-FF979F9E5856}.Debug|Any CPU.Build.0 = Debug|Any CPU
		{E0802EAE-6715-4805-B63C-FF979F9E5856}.Release|Any CPU.ActiveCfg = Release|Any CPU
		{E0802EAE-6715-4805-B63C-FF979F9E5856}.Release|Any CPU.Build.0 = Release|Any CPU
		{9D55EABA-7342-433A-9AEC-7E5A9312465E}.Debug|Any CPU.ActiveCfg = Debug|Any CPU
		{9D55EABA-7342-433A-9AEC-7E5A9312465E}.Debug|Any CPU.Build.0 = Debug|Any CPU
		{9D55EABA-7342-433A-9AEC-7E5A9312465E}.Release|Any CPU.ActiveCfg = Release|Any CPU
		{9D55EABA-7342-433A-9AEC-7E5A9312465E}.Release|Any CPU.Build.0 = Release|Any CPU
		{620CDF29-CDFE-497C-9C0B-C3DFD4AF057B}.Debug|Any CPU.ActiveCfg = Debug|Any CPU
		{620CDF29-CDFE-497C-9C0B-C3DFD4AF057B}.Debug|Any CPU.Build.0 = Debug|Any CPU
		{620CDF29-CDFE-497C-9C0B-C3DFD4AF057B}.Release|Any CPU.ActiveCfg = Release|Any CPU
		{620CDF29-CDFE-497C-9C0B-C3DFD4AF057B}.Release|Any CPU.Build.0 = Release|Any CPU
	EndGlobalSection
	GlobalSection(SolutionProperties) = preSolution
		HideSolutionNode = FALSE
	EndGlobalSection
	GlobalSection(ExtensibilityGlobals) = postSolution
		SolutionGuid = {392DD57A-8002-4BFA-BAEA-7F37A9191067}
	EndGlobalSection
EndGlobal
